// !$*UTF8*$!
{
	archiveVersion = 1;
	classes = {
	};
	objectVersion = 46;
	objects = {

/* Begin PBXBuildFile section */
		009262251A7A109D0030050F /* main.m in Sources */ = {isa = PBXBuildFile; fileRef = 009262241A7A109D0030050F /* main.m */; };
		009262281A7A109D0030050F /* AppDelegate.m in Sources */ = {isa = PBXBuildFile; fileRef = 009262271A7A109D0030050F /* AppDelegate.m */; };
		0092622B1A7A109D0030050F /* ViewController.m in Sources */ = {isa = PBXBuildFile; fileRef = 0092622A1A7A109D0030050F /* ViewController.m */; };
		0092622E1A7A109D0030050F /* Main.storyboard in Resources */ = {isa = PBXBuildFile; fileRef = 0092622C1A7A109D0030050F /* Main.storyboard */; };
		009262301A7A109D0030050F /* Images.xcassets in Resources */ = {isa = PBXBuildFile; fileRef = 0092622F1A7A109D0030050F /* Images.xcassets */; };
		009262331A7A109D0030050F /* LaunchScreen.xib in Resources */ = {isa = PBXBuildFile; fileRef = 009262311A7A109D0030050F /* LaunchScreen.xib */; };
		0092623F1A7A109E0030050F /* demoBLETests.m in Sources */ = {isa = PBXBuildFile; fileRef = 0092623E1A7A109E0030050F /* demoBLETests.m */; };
/* End PBXBuildFile section */

/* Begin PBXContainerItemProxy section */
		009262391A7A109D0030050F /* PBXContainerItemProxy */ = {
			isa = PBXContainerItemProxy;
			containerPortal = 009262171A7A109D0030050F /* Project object */;
			proxyType = 1;
			remoteGlobalIDString = 0092621E1A7A109D0030050F;
			remoteInfo = demoBLE;
		};
/* End PBXContainerItemProxy section */

/* Begin PBXFileReference section */
		0092621F1A7A109D0030050F /* demoBLE.app */ = {isa = PBXFileReference; explicitFileType = wrapper.application; includeInIndex = 0; path = demoBLE.app; sourceTree = BUILT_PRODUCTS_DIR; };
		009262231A7A109D0030050F /* Info.plist */ = {isa = PBXFileReference; lastKnownFileType = text.plist.xml; path = Info.plist; sourceTree = "<group>"; };
		009262241A7A109D0030050F /* main.m */ = {isa = PBXFileReference; lastKnownFileType = sourcecode.c.objc; path = main.m; sourceTree = "<group>"; };
		009262261A7A109D0030050F /* AppDelegate.h */ = {isa = PBXFileReference; lastKnownFileType = sourcecode.c.h; path = AppDelegate.h; sourceTree = "<group>"; };
		009262271A7A109D0030050F /* AppDelegate.m */ = {isa = PBXFileReference; lastKnownFileType = sourcecode.c.objc; path = AppDelegate.m; sourceTree = "<group>"; };
		009262291A7A109D0030050F /* ViewController.h */ = {isa = PBXFileReference; lastKnownFileType = sourcecode.c.h; path = ViewController.h; sourceTree = "<group>"; };
		0092622A1A7A109D0030050F /* ViewController.m */ = {isa = PBXFileReference; lastKnownFileType = sourcecode.c.objc; path = ViewController.m; sourceTree = "<group>"; };
		0092622D1A7A109D0030050F /* Base */ = {isa = PBXFileReference; lastKnownFileType = file.storyboard; name = Base; path = Base.lproj/Main.storyboard; sourceTree = "<group>"; };
		0092622F1A7A109D0030050F /* Images.xcassets */ = {isa = PBXFileReference; lastKnownFileType = folder.assetcatalog; path = Images.xcassets; sourceTree = "<group>"; };
		009262321A7A109D0030050F /* Base */ = {isa = PBXFileReference; lastKnownFileType = file.xib; name = Base; path = Base.lproj/LaunchScreen.xib; sourceTree = "<group>"; };
		009262381A7A109D0030050F /* demoBLETests.xctest */ = {isa = PBXFileReference; explicitFileType = wrapper.cfbundle; includeInIndex = 0; path = demoBLETests.xctest; sourceTree = BUILT_PRODUCTS_DIR; };
		0092623D1A7A109E0030050F /* Info.plist */ = {isa = PBXFileReference; lastKnownFileType = text.plist.xml; path = Info.plist; sourceTree = "<group>"; };
		0092623E1A7A109E0030050F /* demoBLETests.m */ = {isa = PBXFileReference; lastKnownFileType = sourcecode.c.objc; path = demoBLETests.m; sourceTree = "<group>"; };
/* End PBXFileReference section */

/* Begin PBXFrameworksBuildPhase section */
		0092621C1A7A109D0030050F /* Frameworks */ = {
			isa = PBXFrameworksBuildPhase;
			buildActionMask = 2147483647;
			files = (
			);
			runOnlyForDeploymentPostprocessing = 0;
		};
		009262351A7A109D0030050F /* Frameworks */ = {
			isa = PBXFrameworksBuildPhase;
			buildActionMask = 2147483647;
			files = (
			);
			runOnlyForDeploymentPostprocessing = 0;
		};
/* End PBXFrameworksBuildPhase section */

/* Begin PBXGroup section */
		009262161A7A109D0030050F = {
			isa = PBXGroup;
			children = (
				009262211A7A109D0030050F /* demoBLE */,
				0092623B1A7A109D0030050F /* demoBLETests */,
				009262201A7A109D0030050F /* Products */,
			);
			sourceTree = "<group>";
		};
		009262201A7A109D0030050F /* Products */ = {
			isa = PBXGroup;
			children = (
				0092621F1A7A109D0030050F /* demoBLE.app */,
				009262381A7A109D0030050F /* demoBLETests.xctest */,
			);
			name = Products;
			sourceTree = "<group>";
		};
		009262211A7A109D0030050F /* demoBLE */ = {
			isa = PBXGroup;
			children = (
				009262261A7A109D0030050F /* AppDelegate.h */,
				009262271A7A109D0030050F /* AppDelegate.m */,
				009262291A7A109D0030050F /* ViewController.h */,
				0092622A1A7A109D0030050F /* ViewController.m */,
				0092622C1A7A109D0030050F /* Main.storyboard */,
				0092622F1A7A109D0030050F /* Images.xcassets */,
				009262311A7A109D0030050F /* LaunchScreen.xib */,
				009262221A7A109D0030050F /* Supporting Files */,
			);
			path = demoBLE;
			sourceTree = "<group>";
		};
		009262221A7A109D0030050F /* Supporting Files */ = {
			isa = PBXGroup;
			children = (
				009262231A7A109D0030050F /* Info.plist */,
				009262241A7A109D0030050F /* main.m */,
			);
			name = "Supporting Files";
			sourceTree = "<group>";
		};
		0092623B1A7A109D0030050F /* demoBLETests */ = {
			isa = PBXGroup;
			children = (
				0092623E1A7A109E0030050F /* demoBLETests.m */,
				0092623C1A7A109E0030050F /* Supporting Files */,
			);
			path = demoBLETests;
			sourceTree = "<group>";
		};
		0092623C1A7A109E0030050F /* Supporting Files */ = {
			isa = PBXGroup;
			children = (
				0092623D1A7A109E0030050F /* Info.plist */,
			);
			name = "Supporting Files";
			sourceTree = "<group>";
		};
/* End PBXGroup section */

/* Begin PBXNativeTarget section */
		0092621E1A7A109D0030050F /* demoBLE */ = {
			isa = PBXNativeTarget;
			buildConfigurationList = 009262421A7A109E0030050F /* Build configuration list for PBXNativeTarget "demoBLE" */;
			buildPhases = (
				0092621B1A7A109D0030050F /* Sources */,
				0092621C1A7A109D0030050F /* Frameworks */,
				0092621D1A7A109D0030050F /* Resources */,
			);
			buildRules = (
			);
			dependencies = (
			);
			name = demoBLE;
			productName = demoBLE;
			productReference = 0092621F1A7A109D0030050F /* demoBLE.app */;
			productType = "com.apple.product-type.application";
		};
		009262371A7A109D0030050F /* demoBLETests */ = {
			isa = PBXNativeTarget;
			buildConfigurationList = 009262451A7A109E0030050F /* Build configuration list for PBXNativeTarget "demoBLETests" */;
			buildPhases = (
				009262341A7A109D0030050F /* Sources */,
				009262351A7A109D0030050F /* Frameworks */,
				009262361A7A109D0030050F /* Resources */,
			);
			buildRules = (
			);
			dependencies = (
				0092623A1A7A109D0030050F /* PBXTargetDependency */,
			);
			name = demoBLETests;
			productName = demoBLETests;
			productReference = 009262381A7A109D0030050F /* demoBLETests.xctest */;
			productType = "com.apple.product-type.bundle.unit-test";
		};
/* End PBXNativeTarget section */

/* Begin PBXProject section */
		009262171A7A109D0030050F /* Project object */ = {
			isa = PBXProject;
			attributes = {
				LastUpgradeCheck = 0610;
				ORGANIZATIONNAME = myMe;
				TargetAttributes = {
					0092621E1A7A109D0030050F = {
						CreatedOnToolsVersion = 6.1.1;
					};
					009262371A7A109D0030050F = {
						CreatedOnToolsVersion = 6.1.1;
						TestTargetID = 0092621E1A7A109D0030050F;
					};
				};
			};
			buildConfigurationList = 0092621A1A7A109D0030050F /* Build configuration list for PBXProject "demoBLE" */;
			compatibilityVersion = "Xcode 3.2";
			developmentRegion = English;
			hasScannedForEncodings = 0;
			knownRegions = (
				en,
				Base,
			);
			mainGroup = 009262161A7A109D0030050F;
			productRefGroup = 009262201A7A109D0030050F /* Products */;
			projectDirPath = "";
			projectRoot = "";
			targets = (
				0092621E1A7A109D0030050F /* demoBLE */,
				009262371A7A109D0030050F /* demoBLETests */,
			);
		};
/* End PBXProject section */

/* Begin PBXResourcesBuildPhase section */
		0092621D1A7A109D0030050F /* Resources */ = {
			isa = PBXResourcesBuildPhase;
			buildActionMask = 2147483647;
			files = (
				0092622E1A7A109D0030050F /* Main.storyboard in Resources */,
				009262331A7A109D0030050F /* LaunchScreen.xib in Resources */,
				009262301A7A109D0030050F /* Images.xcassets in Resources */,
			);
			runOnlyForDeploymentPostprocessing = 0;
		};
		009262361A7A109D0030050F /* Resources */ = {
			isa = PBXResourcesBuildPhase;
			buildActionMask = 2147483647;
			files = (
			);
			runOnlyForDeploymentPostprocessing = 0;
		};
/* End PBXResourcesBuildPhase section */

/* Begin PBXSourcesBuildPhase section */
		0092621B1A7A109D0030050F /* Sources */ = {
			isa = PBXSourcesBuildPhase;
			buildActionMask = 2147483647;
			files = (
				0092622B1A7A109D0030050F /* ViewController.m in Sources */,
				009262281A7A109D0030050F /* AppDelegate.m in Sources */,
				009262251A7A109D0030050F /* main.m in Sources */,
			);
			runOnlyForDeploymentPostprocessing = 0;
		};
		009262341A7A109D0030050F /* Sources */ = {
			isa = PBXSourcesBuildPhase;
			buildActionMask = 2147483647;
			files = (
				0092623F1A7A109E0030050F /* demoBLETests.m in Sources */,
			);
			runOnlyForDeploymentPostprocessing = 0;
		};
/* End PBXSourcesBuildPhase section */

/* Begin PBXTargetDependency section */
		0092623A1A7A109D0030050F /* PBXTargetDependency */ = {
			isa = PBXTargetDependency;
			target = 0092621E1A7A109D0030050F /* demoBLE */;
			targetProxy = 009262391A7A109D0030050F /* PBXContainerItemProxy */;
		};
/* End PBXTargetDependency section */

/* Begin PBXVariantGroup section */
		0092622C1A7A109D0030050F /* Main.storyboard */ = {
			isa = PBXVariantGroup;
			children = (
				0092622D1A7A109D0030050F /* Base */,
			);
			name = Main.storyboard;
			sourceTree = "<group>";
		};
		009262311A7A109D0030050F /* LaunchScreen.xib */ = {
			isa = PBXVariantGroup;
			children = (
				009262321A7A109D0030050F /* Base */,
			);
			name = LaunchScreen.xib;
			sourceTree = "<group>";
		};
/* End PBXVariantGroup section */

/* Begin XCBuildConfiguration section */
		009262401A7A109E0030050F /* Debug */ = {
			isa = XCBuildConfiguration;
			buildSettings = {
				ALWAYS_SEARCH_USER_PATHS = NO;
				CLANG_CXX_LANGUAGE_STANDARD = "gnu++0x";
				CLANG_CXX_LIBRARY = "libc++";
				CLANG_ENABLE_MODULES = YES;
				CLANG_ENABLE_OBJC_ARC = YES;
				CLANG_WARN_BOOL_CONVERSION = YES;
				CLANG_WARN_CONSTANT_CONVERSION = YES;
				CLANG_WARN_DIRECT_OBJC_ISA_USAGE = YES_ERROR;
				CLANG_WARN_EMPTY_BODY = YES;
				CLANG_WARN_ENUM_CONVERSION = YES;
				CLANG_WARN_INT_CONVERSION = YES;
				CLANG_WARN_OBJC_ROOT_CLASS = YES_ERROR;
				CLANG_WARN_UNREACHABLE_CODE = YES;
				CLANG_WARN__DUPLICATE_METHOD_MATCH = YES;
				"CODE_SIGN_IDENTITY[sdk=iphoneos*]" = "iPhone Developer";
				COPY_PHASE_STRIP = NO;
				ENABLE_STRICT_OBJC_MSGSEND = YES;
				GCC_C_LANGUAGE_STANDARD = gnu99;
				GCC_DYNAMIC_NO_PIC = NO;
				GCC_OPTIMIZATION_LEVEL = 0;
				GCC_PREPROCESSOR_DEFINITIONS = (
					"DEBUG=1",
					"$(inherited)",
				);
				GCC_SYMBOLS_PRIVATE_EXTERN = NO;
				GCC_WARN_64_TO_32_BIT_CONVERSION = YES;
				GCC_WARN_ABOUT_RETURN_TYPE = YES_ERROR;
				GCC_WARN_UNDECLARED_SELECTOR = YES;
				GCC_WARN_UNINITIALIZED_AUTOS = YES_AGGRESSIVE;
				GCC_WARN_UNUSED_FUNCTION = YES;
				GCC_WARN_UNUSED_VARIABLE = YES;
				IPHONEOS_DEPLOYMENT_TARGET = 8.1;
				MTL_ENABLE_DEBUG_INFO = YES;
				ONLY_ACTIVE_ARCH = YES;
				SDKROOT = iphoneos;
				TARGETED_DEVICE_FAMILY = "1,2";
			};
			name = Debug;
		};
		009262411A7A109E0030050F /* Release */ = {
			isa = XCBuildConfiguration;
			buildSettings = {
				ALWAYS_SEARCH_USER_PATHS = NO;
				CLANG_CXX_LANGUAGE_STANDARD = "gnu++0x";
				CLANG_CXX_LIBRARY = "libc++";
				CLANG_ENABLE_MODULES = YES;
				CLANG_ENABLE_OBJC_ARC = YES;
				CLANG_WARN_BOOL_CONVERSION = YES;
				CLANG_WARN_CONSTANT_CONVERSION = YES;
				CLANG_WARN_DIRECT_OBJC_ISA_USAGE = YES_ERROR;
				CLANG_WARN_EMPTY_BODY = YES;
				CLANG_WARN_ENUM_CONVERSION = YES;
				CLANG_WARN_INT_CONVERSION = YES;
				CLANG_WARN_OBJC_ROOT_CLASS = YES_ERROR;
				CLANG_WARN_UNREACHABLE_CODE = YES;
				CLANG_WARN__DUPLICATE_METHOD_MATCH = YES;
				"CODE_SIGN_IDENTITY[sdk=iphoneos*]" = "iPhone Developer";
				COPY_PHASE_STRIP = YES;
				ENABLE_NS_ASSERTIONS = NO;
				ENABLE_STRICT_OBJC_MSGSEND = YES;
				GCC_C_LANGUAGE_STANDARD = gnu99;
				GCC_WARN_64_TO_32_BIT_CONVERSION = YES;
				GCC_WARN_ABOUT_RETURN_TYPE = YES_ERROR;
				GCC_WARN_UNDECLARED_SELECTOR = YES;
				GCC_WARN_UNINITIALIZED_AUTOS = YES_AGGRESSIVE;
				GCC_WARN_UNUSED_FUNCTION = YES;
				GCC_WARN_UNUSED_VARIABLE = YES;
				IPHONEOS_DEPLOYMENT_TARGET = 8.1;
				MTL_ENABLE_DEBUG_INFO = NO;
				SDKROOT = iphoneos;
				TARGETED_DEVICE_FAMILY = "1,2";
				VALIDATE_PRODUCT = YES;
			};
			name = Release;
		};
		009262431A7A109E0030050F /* Debug */ = {
			isa = XCBuildConfiguration;
			buildSettings = {
				ASSETCATALOG_COMPILER_APPICON_NAME = AppIcon;
				INFOPLIST_FILE = demoBLE/Info.plist;
				LD_RUNPATH_SEARCH_PATHS = "$(inherited) @executable_path/Frameworks";
				PRODUCT_NAME = "$(TARGET_NAME)";
			};
			name = Debug;
		};
		009262441A7A109E0030050F /* Release */ = {
			isa = XCBuildConfiguration;
			buildSettings = {
				ASSETCATALOG_COMPILER_APPICON_NAME = AppIcon;
				INFOPLIST_FILE = demoBLE/Info.plist;
				LD_RUNPATH_SEARCH_PATHS = "$(inherited) @executable_path/Frameworks";
				PRODUCT_NAME = "$(TARGET_NAME)";
			};
			name = Release;
		};
		009262461A7A109E0030050F /* Debug */ = {
			isa = XCBuildConfiguration;
			buildSettings = {
				BUNDLE_LOADER = "$(TEST_HOST)";
				FRAMEWORK_SEARCH_PATHS = (
					"$(SDKROOT)/Developer/Library/Frameworks",
					"$(inherited)",
				);
				GCC_PREPROCESSOR_DEFINITIONS = (
					"DEBUG=1",
					"$(inherited)",
				);
				INFOPLIST_FILE = demoBLETests/Info.plist;
				LD_RUNPATH_SEARCH_PATHS = "$(inherited) @executable_path/Frameworks @loader_path/Frameworks";
				PRODUCT_NAME = "$(TARGET_NAME)";
				TEST_HOST = "$(BUILT_PRODUCTS_DIR)/demoBLE.app/demoBLE";
			};
			name = Debug;
		};
		009262471A7A109E0030050F /* Release */ = {
			isa = XCBuildConfiguration;
			buildSettings = {
				BUNDLE_LOADER = "$(TEST_HOST)";
				FRAMEWORK_SEARCH_PATHS = (
					"$(SDKROOT)/Developer/Library/Frameworks",
					"$(inherited)",
				);
				INFOPLIST_FILE = demoBLETests/Info.plist;
				LD_RUNPATH_SEARCH_PATHS = "$(inherited) @executable_path/Frameworks @loader_path/Frameworks";
				PRODUCT_NAME = "$(TARGET_NAME)";
				TEST_HOST = "$(BUILT_PRODUCTS_DIR)/demoBLE.app/demoBLE";
			};
			name = Release;
		};
/* End XCBuildConfiguration section */

/* Begin XCConfigurationList section */
		0092621A1A7A109D0030050F /* Build configuration list for PBXProject "demoBLE" */ = {
			isa = XCConfigurationList;
			buildConfigurations = (
				009262401A7A109E0030050F /* Debug */,
				009262411A7A109E0030050F /* Release */,
			);
			defaultConfigurationIsVisible = 0;
			defaultConfigurationName = Release;
		};
		009262421A7A109E0030050F /* Build configuration list for PBXNativeTarget "demoBLE" */ = {
			isa = XCConfigurationList;
			buildConfigurations = (
				009262431A7A109E0030050F /* Debug */,
				009262441A7A109E0030050F /* Release */,
			);
			defaultConfigurationIsVisible = 0;
		};
		009262451A7A109E0030050F /* Build configuration list for PBXNativeTarget "demoBLETests" */ = {
			isa = XCConfigurationList;
			buildConfigurations = (
				009262461A7A109E0030050F /* Debug */,
				009262471A7A109E0030050F /* Release */,
			);
			defaultConfigurationIsVisible = 0;
		};
/* End XCConfigurationList section */
	};
	rootObject = 009262171A7A109D0030050F /* Project object */;
}
